
Microsoft Visual Studio Solution File, Format Version 12.00
# Visual Studio 15
VisualStudioVersion = 15.0.28307.168
MinimumVisualStudioVersion = 10.0.40219.1
Project("{FAE04EC0-301F-11D3-BF4B-00C04F79EFBC}") = "FullHouseWebsite", "FullHouseWebsite\FullHouseWebsite.csproj", "{2A5E8FB1-AC81-4C82-97FE-12E7B7AEE200}"
EndProject
Global
	GlobalSection(SolutionConfigurationPlatforms) = preSolution
		Debug|Any CPU = Debug|Any CPU
		Release|Any CPU = Release|Any CPU
	EndGlobalSection
	GlobalSection(ProjectConfigurationPlatforms) = postSolution
		{2A5E8FB1-AC81-4C82-97FE-12E7B7AEE200}.Debug|Any CPU.ActiveCfg = Debug|Any CPU
		{2A5E8FB1-AC81-4C82-97FE-12E7B7AEE200}.Debug|Any CPU.Build.0 = Debug|Any CPU
		{2A5E8FB1-AC81-4C82-97FE-12E7B7AEE200}.Release|Any CPU.ActiveCfg = Release|Any CPU
		{2A5E8FB1-AC81-4C82-97FE-12E7B7AEE200}.Release|Any CPU.Build.0 = Release|Any CPU
	EndGlobalSection
	GlobalSection(SolutionProperties) = preSolution
		HideSolutionNode = FALSE
	EndGlobalSection
	GlobalSection(ExtensibilityGlobals) = postSolution
		SolutionGuid = {502FFAF7-42F9-4339-BC06-538635EAF13E}
	EndGlobalSection
EndGlobal
